
Microsoft Visual Studio Solution File, Format Version 12.00
# Visual Studio Version 17
VisualStudioVersion = 17.7.34031.279
MinimumVisualStudioVersion = 10.0.40219.1
Project("{9A19103F-16F7-4668-BE54-9A1E7A4F7556}") = "streaming-sound", "PrimeiroProjeto\streaming-sound.csproj", "{B0216FB8-6702-4E23-A9E1-5F1A292ED193}"
EndProject
Global
	GlobalSection(SolutionConfigurationPlatforms) = preSolution
		Debug|Any CPU = Debug|Any CPU
		Release|Any CPU = Release|Any CPU
	EndGlobalSection
	GlobalSection(ProjectConfigurationPlatforms) = postSolution
		{B0216FB8-6702-4E23-A9E1-5F1A292ED193}.Debug|Any CPU.ActiveCfg = Debug|Any CPU
		{B0216FB8-6702-4E23-A9E1-5F1A292ED193}.Debug|Any CPU.Build.0 = Debug|Any CPU
		{B0216FB8-6702-4E23-A9E1-5F1A292ED193}.Release|Any CPU.ActiveCfg = Release|Any CPU
		{B0216FB8-6702-4E23-A9E1-5F1A292ED193}.Release|Any CPU.Build.0 = Release|Any CPU
	EndGlobalSection
	GlobalSection(SolutionProperties) = preSolution
		HideSolutionNode = FALSE
	EndGlobalSection
	GlobalSection(ExtensibilityGlobals) = postSolution
		SolutionGuid = {C07EF23F-F345-48F7-958A-2DDB86F5D3D1}
	EndGlobalSection
EndGlobal
